{
  "name": "vue-luxon",
  "version": "0.7.0",
  "lockfileVersion": 1,
  "requires": true,
  "dependencies": {
    "luxon": {
      "version": "1.17.2",
      "resolved": "https://registry.npmjs.org/luxon/-/luxon-1.17.2.tgz",
      "integrity": "sha512-qELKtIj3HD41N+MvgoxArk8DZGUb4Gpiijs91oi+ZmKJzRlxY6CoyTwNoUwnogCVs4p8HuxVJDik9JbnYgrCng=="
    }
  }
}
